
Microsoft Visual Studio Solution File, Format Version 12.00
# Visual Studio Version 16
VisualStudioVersion = 16.0.32002.261
MinimumVisualStudioVersion = 10.0.40219.1
Project("{2150E333-8FDC-42A3-9474-1A3956D46DE8}") = "Services", "Services", "{072742D4-2163-4A76-9864-D19F25C7C637}"
EndProject
Project("{2150E333-8FDC-42A3-9474-1A3956D46DE8}") = "Catalog", "Catalog", "{338FC464-653F-4C0D-9B0C-4AF99D29F539}"
EndProject
Project("{FAE04EC0-301F-11D3-BF4B-00C04F79EFBC}") = "Catalog.API", "Services\Catalog\Catalog.API\Catalog.API.csproj", "{DFE324AF-CAD7-4651-B45D-812469BD5D66}"
EndProject
Global
	GlobalSection(SolutionConfigurationPlatforms) = preSolution
		Debug|Any CPU = Debug|Any CPU
		Release|Any CPU = Release|Any CPU
	EndGlobalSection
	GlobalSection(ProjectConfigurationPlatforms) = postSolution
		{DFE324AF-CAD7-4651-B45D-812469BD5D66}.Debug|Any CPU.ActiveCfg = Debug|Any CPU
		{DFE324AF-CAD7-4651-B45D-812469BD5D66}.Debug|Any CPU.Build.0 = Debug|Any CPU
		{DFE324AF-CAD7-4651-B45D-812469BD5D66}.Release|Any CPU.ActiveCfg = Release|Any CPU
		{DFE324AF-CAD7-4651-B45D-812469BD5D66}.Release|Any CPU.Build.0 = Release|Any CPU
	EndGlobalSection
	GlobalSection(SolutionProperties) = preSolution
		HideSolutionNode = FALSE
	EndGlobalSection
	GlobalSection(NestedProjects) = preSolution
		{338FC464-653F-4C0D-9B0C-4AF99D29F539} = {072742D4-2163-4A76-9864-D19F25C7C637}
		{DFE324AF-CAD7-4651-B45D-812469BD5D66} = {338FC464-653F-4C0D-9B0C-4AF99D29F539}
	EndGlobalSection
	GlobalSection(ExtensibilityGlobals) = postSolution
		SolutionGuid = {C47182AE-F92E-4DB4-8FED-030790FF0546}
	EndGlobalSection
EndGlobal
