
Microsoft Visual Studio Solution File, Format Version 12.00
# Visual Studio Version 16
VisualStudioVersion = 16.0.32002.261
MinimumVisualStudioVersion = 10.0.40219.1
Project("{2150E333-8FDC-42A3-9474-1A3956D46DE8}") = "Services", "Services", "{072742D4-2163-4A76-9864-D19F25C7C637}"
EndProject
Project("{2150E333-8FDC-42A3-9474-1A3956D46DE8}") = "Catalog", "Catalog", "{338FC464-653F-4C0D-9B0C-4AF99D29F539}"
EndProject
Project("{9A19103F-16F7-4668-BE54-9A1E7A4F7556}") = "Catalog.API", "Services\Catalog\Catalog.API\Catalog.API.csproj", "{DFE324AF-CAD7-4651-B45D-812469BD5D66}"
EndProject
Project("{E53339B2-1760-4266-BCC7-CA923CBCF16C}") = "docker-compose", "docker-compose.dcproj", "{96065588-BF57-476E-A188-C1CC52225FF0}"
EndProject
Project("{2150E333-8FDC-42A3-9474-1A3956D46DE8}") = "Basket", "Basket", "{FAD0C64D-4C83-46BB-83DD-7C1F1A14550D}"
EndProject
Project("{9A19103F-16F7-4668-BE54-9A1E7A4F7556}") = "Basket.API", "Services\Basket\Basket.API\Basket.API.csproj", "{D00C4EF1-5D98-46EF-93E2-B77EEE426B00}"
EndProject
Project("{2150E333-8FDC-42A3-9474-1A3956D46DE8}") = "Discount", "Discount", "{941A5DE4-454A-404C-809D-2DD31C893972}"
EndProject
Project("{9A19103F-16F7-4668-BE54-9A1E7A4F7556}") = "Discount.API", "Services\Discount\Discount.API\Discount.API.csproj", "{CA8C7CE5-8359-4811-80EB-585BB404A17A}"
EndProject
Project("{FAE04EC0-301F-11D3-BF4B-00C04F79EFBC}") = "Discount.Grpc", "Services\Discount\Discount.Grpc\Discount.Grpc.csproj", "{721F6FF8-90E5-4044-909A-89E4707318F7}"
EndProject
Global
	GlobalSection(SolutionConfigurationPlatforms) = preSolution
		Debug|Any CPU = Debug|Any CPU
		Release|Any CPU = Release|Any CPU
	EndGlobalSection
	GlobalSection(ProjectConfigurationPlatforms) = postSolution
		{DFE324AF-CAD7-4651-B45D-812469BD5D66}.Debug|Any CPU.ActiveCfg = Debug|Any CPU
		{DFE324AF-CAD7-4651-B45D-812469BD5D66}.Debug|Any CPU.Build.0 = Debug|Any CPU
		{DFE324AF-CAD7-4651-B45D-812469BD5D66}.Release|Any CPU.ActiveCfg = Release|Any CPU
		{DFE324AF-CAD7-4651-B45D-812469BD5D66}.Release|Any CPU.Build.0 = Release|Any CPU
		{96065588-BF57-476E-A188-C1CC52225FF0}.Debug|Any CPU.ActiveCfg = Debug|Any CPU
		{96065588-BF57-476E-A188-C1CC52225FF0}.Debug|Any CPU.Build.0 = Debug|Any CPU
		{96065588-BF57-476E-A188-C1CC52225FF0}.Release|Any CPU.ActiveCfg = Release|Any CPU
		{96065588-BF57-476E-A188-C1CC52225FF0}.Release|Any CPU.Build.0 = Release|Any CPU
		{D00C4EF1-5D98-46EF-93E2-B77EEE426B00}.Debug|Any CPU.ActiveCfg = Debug|Any CPU
		{D00C4EF1-5D98-46EF-93E2-B77EEE426B00}.Debug|Any CPU.Build.0 = Debug|Any CPU
		{D00C4EF1-5D98-46EF-93E2-B77EEE426B00}.Release|Any CPU.ActiveCfg = Release|Any CPU
		{D00C4EF1-5D98-46EF-93E2-B77EEE426B00}.Release|Any CPU.Build.0 = Release|Any CPU
		{CA8C7CE5-8359-4811-80EB-585BB404A17A}.Debug|Any CPU.ActiveCfg = Debug|Any CPU
		{CA8C7CE5-8359-4811-80EB-585BB404A17A}.Debug|Any CPU.Build.0 = Debug|Any CPU
		{CA8C7CE5-8359-4811-80EB-585BB404A17A}.Release|Any CPU.ActiveCfg = Release|Any CPU
		{CA8C7CE5-8359-4811-80EB-585BB404A17A}.Release|Any CPU.Build.0 = Release|Any CPU
		{721F6FF8-90E5-4044-909A-89E4707318F7}.Debug|Any CPU.ActiveCfg = Debug|Any CPU
		{721F6FF8-90E5-4044-909A-89E4707318F7}.Debug|Any CPU.Build.0 = Debug|Any CPU
		{721F6FF8-90E5-4044-909A-89E4707318F7}.Release|Any CPU.ActiveCfg = Release|Any CPU
		{721F6FF8-90E5-4044-909A-89E4707318F7}.Release|Any CPU.Build.0 = Release|Any CPU
	EndGlobalSection
	GlobalSection(SolutionProperties) = preSolution
		HideSolutionNode = FALSE
	EndGlobalSection
	GlobalSection(NestedProjects) = preSolution
		{338FC464-653F-4C0D-9B0C-4AF99D29F539} = {072742D4-2163-4A76-9864-D19F25C7C637}
		{DFE324AF-CAD7-4651-B45D-812469BD5D66} = {338FC464-653F-4C0D-9B0C-4AF99D29F539}
		{FAD0C64D-4C83-46BB-83DD-7C1F1A14550D} = {072742D4-2163-4A76-9864-D19F25C7C637}
		{D00C4EF1-5D98-46EF-93E2-B77EEE426B00} = {FAD0C64D-4C83-46BB-83DD-7C1F1A14550D}
		{941A5DE4-454A-404C-809D-2DD31C893972} = {072742D4-2163-4A76-9864-D19F25C7C637}
		{CA8C7CE5-8359-4811-80EB-585BB404A17A} = {941A5DE4-454A-404C-809D-2DD31C893972}
		{721F6FF8-90E5-4044-909A-89E4707318F7} = {941A5DE4-454A-404C-809D-2DD31C893972}
	EndGlobalSection
	GlobalSection(ExtensibilityGlobals) = postSolution
		SolutionGuid = {C47182AE-F92E-4DB4-8FED-030790FF0546}
	EndGlobalSection
EndGlobal
